PODS:
  - AWSAuthCore (2.28.2):
    - AWSCore (= 2.28.2)
  - AWSCognitoIdentityProvider (2.28.2):
    - AWSCognitoIdentityProviderASF (= 2.28.2)
    - AWSCore (= 2.28.2)
  - AWSCognitoIdentityProviderASF (2.28.2):
    - AWSCore (= 2.28.2)
  - AWSCore (2.28.2)
  - AWSKinesis (2.28.2):
    - AWSCore (= 2.28.2)
  - AWSMobileClient (2.28.2):
    - AWSAuthCore (= 2.28.2)
    - AWSCognitoIdentityProvider (= 2.28.2)
    - AWSCognitoIdentityProviderASF (= 2.28.2)
    - AWSCore (= 2.28.2)
  - AWSPinpoint (2.28.2):
    - AWSCore (= 2.28.2)
  - CrowdConnectedCore (1.4.0):
    - AWSMobileClient
    - AWSPinpoint
    - CrowdConnectedShared
  - CrowdConnectedGeo (1.4.0):
    - CrowdConnectedShared
  - CrowdConnectedIPS (1.4.0):
    - CrowdConnectedShared
  - CrowdConnectedShared (1.4.0)
  - ExpoFpCommon (4.1.1)
  - ExpoFpCrowdConnected (4.1.1):
    - AWSKinesis (= 2.28.2)
    - CrowdConnectedCore (= 1.4.0)
    - CrowdConnectedGeo (= 1.4.0)
    - CrowdConnectedIPS (= 1.4.0)
    - ExpoFpCommon (= 4.1.1)
  - ExpoFpFplan (4.1.1):
    - ExpoFpCommon (= 4.1.1)
    - ZIPFoundation (= 0.9.16)
  - ExpoFpGpsProvider (4.1.1):
    - ExpoFpCommon (= 4.1.1)
  - ExpoFpIndoorAtlas (4.1.1):
    - ExpoFpCommon (= 4.1.1)
    - IndoorAtlas (~> 3.6)
  - IndoorAtlas (3.6.3)
  - ZIPFoundation (0.9.16)

DEPENDENCIES:
  - ExpoFpCrowdConnected (= 4.1.1)
  - ExpoFpFplan (= 4.1.1)
  - ExpoFpGpsProvider (= 4.1.1)
  - ExpoFpIndoorAtlas (= 4.1.1)

SPEC REPOS:
  https://github.com/CocoaPods/Specs.git:
    - AWSAuthCore
    - AWSCognitoIdentityProvider
    - AWSCognitoIdentityProviderASF
    - AWSCore
    - AWSKinesis
    - AWSMobileClient
    - AWSPinpoint
    - CrowdConnectedCore
    - CrowdConnectedGeo
    - CrowdConnectedIPS
    - CrowdConnectedShared
    - ExpoFpCommon
    - ExpoFpCrowdConnected
    - ExpoFpFplan
    - ExpoFpGpsProvider
    - ExpoFpIndoorAtlas
    - IndoorAtlas
    - ZIPFoundation

SPEC CHECKSUMS:
  AWSAuthCore: 09b10773154596717583a7ea4e8cf80f7f014d3c
  AWSCognitoIdentityProvider: fd6ce8429b5cbb22794359424f8bcdf1956aa7c1
  AWSCognitoIdentityProviderASF: ae23b2c36af3d59622b23d79cea88707662ada6e
  AWSCore: 1e0cdd5ac2330d02ce019673065791d2b6596293
  AWSKinesis: 5cd8700ee9e33fd439f8e1850f29fe93092c9ccb
  AWSMobileClient: 2fed98a97ee48bf8401bcb1649d32829d5f98962
  AWSPinpoint: 3a44c5993ecc8466d2d9a1686be0da201ba72604
  CrowdConnectedCore: 525dee267e5020dd389062355423a53dc0e6bd2a
  CrowdConnectedGeo: cf4a10afda7347861c28ad30e71f9d4e79f82875
  CrowdConnectedIPS: 83ea186595aefb164ec6f4f76b6c24db359770ee
  CrowdConnectedShared: 8aa8ba584aeebdc9bfad7c9ea78d335652ed99fe
  ExpoFpCommon: cf8ab77d5504c7b5897aeb6d66009f0a938b3b8d
  ExpoFpCrowdConnected: e47065ad47cd27637655f825204e29ec54d83a98
  ExpoFpFplan: 5a3b0ef6f69f2bbde161d2927e8607fe25abe5c7
  ExpoFpGpsProvider: 00b1cf76ef7db3218335f970029ea543295e18f7
  ExpoFpIndoorAtlas: 9c3aad80ab8a4c044475bc8e09a28e2ee4465cb3
  IndoorAtlas: d84e24bc8079e5525d606222abfb5c325c2b11e5
  ZIPFoundation: d170fa8e270b2a32bef9dcdcabff5b8f1a5deced

PODFILE CHECKSUM: 8accce097f853a6e150663578e1ed7e4eef45038

COCOAPODS: 1.11.3
