PODS:
  - ExpoFpCommon (4.0.3)
  - ExpoFpFplan (4.0.3):
    - ExpoFpCommon (= 4.0.3)
    - ZIPFoundation
  - ZIPFoundation (0.9.16)

DEPENDENCIES:
  - ExpoFpFplan (= 4.0.3)

SPEC REPOS:
  https://github.com/CocoaPods/Specs.git:
    - ExpoFpCommon
    - ExpoFpFplan
    - ZIPFoundation

SPEC CHECKSUMS:
  ExpoFpCommon: a1813daa0e33470e1960546ec9d7923a4c5871fa
  ExpoFpFplan: 40ef674565d72c36fa12d729c435fbcbd6a795d8
  ZIPFoundation: d170fa8e270b2a32bef9dcdcabff5b8f1a5deced

PODFILE CHECKSUM: 67a1dc57de22b11e4c05cbab4d38104e0ba6ef68

COCOAPODS: 1.11.3
